
Microsoft Visual Studio Solution File, Format Version 12.00
# Visual Studio Version 17
VisualStudioVersion = 17.5.002.0
MinimumVisualStudioVersion = 10.0.40219.1
Project("{9A19103F-16F7-4668-BE54-9A1E7A4F7556}") = "PedraPapelTesoura", "PedraPapelTesoura.csproj", "{40803F9B-70F5-4BCF-96F0-9B64CE4CDD49}"
EndProject
Global
	GlobalSection(SolutionConfigurationPlatforms) = preSolution
		Debug|Any CPU = Debug|Any CPU
		Release|Any CPU = Release|Any CPU
	EndGlobalSection
	GlobalSection(ProjectConfigurationPlatforms) = postSolution
		{40803F9B-70F5-4BCF-96F0-9B64CE4CDD49}.Debug|Any CPU.ActiveCfg = Debug|Any CPU
		{40803F9B-70F5-4BCF-96F0-9B64CE4CDD49}.Debug|Any CPU.Build.0 = Debug|Any CPU
		{40803F9B-70F5-4BCF-96F0-9B64CE4CDD49}.Release|Any CPU.ActiveCfg = Release|Any CPU
		{40803F9B-70F5-4BCF-96F0-9B64CE4CDD49}.Release|Any CPU.Build.0 = Release|Any CPU
	EndGlobalSection
	GlobalSection(SolutionProperties) = preSolution
		HideSolutionNode = FALSE
	EndGlobalSection
	GlobalSection(ExtensibilityGlobals) = postSolution
		SolutionGuid = {8DD26FE7-29E0-42EE-8087-2ECAD7B1D2EA}
	EndGlobalSection
EndGlobal
